{"1.2.0",
[{<<"bucs">>,{pkg,<<"bucs">>,<<"1.0.16">>},1},
 {<<"docsh">>,{pkg,<<"docsh">>,<<"0.7.2">>},0},
 {<<"elvis_core">>,{pkg,<<"elvis_core">>,<<"3.2.5">>},0},
 {<<"ephemeral">>,{pkg,<<"ephemeral">>,<<"2.0.4">>},0},
 {<<"erlfmt">>,{pkg,<<"erlfmt">>,<<"1.5.0">>},0},
 {<<"getopt">>,{pkg,<<"getopt">>,<<"1.0.1">>},2},
 {<<"gradualizer">>,
  {git,"https://github.com/josefs/Gradualizer.git",
       {ref,"3021d29d82741399d131e3be38d2a8db79d146d4"}},
  0},
 {<<"jsx">>,{pkg,<<"jsx">>,<<"3.0.0">>},0},
 {<<"katana_code">>,{pkg,<<"katana_code">>,<<"2.1.1">>},1},
 {<<"providers">>,{pkg,<<"providers">>,<<"1.8.1">>},1},
 {<<"quickrand">>,{pkg,<<"quickrand">>,<<"2.0.7">>},1},
 {<<"rebar3_format">>,{pkg,<<"rebar3_format">>,<<"0.8.2">>},0},
 {<<"redbug">>,{pkg,<<"redbug">>,<<"2.0.6">>},0},
 {<<"tdiff">>,{pkg,<<"tdiff">>,<<"0.1.2">>},0},
 {<<"uuid">>,{pkg,<<"uuid_erl">>,<<"2.0.1">>},0},
 {<<"yamerl">>,
  {git,"https://github.com/erlang-ls/yamerl.git",
       {ref,"9a9f7a2e84554992f2e8e08a8060bfe97776a5b7"}},
  0},
 {<<"zipper">>,{pkg,<<"zipper">>,<<"1.0.1">>},1}]}.
[
{pkg_hash,[
 {<<"bucs">>, <<"D69A4CD6D1238CD1ADC5C95673DBDE0F8459A5DBB7D746516434D8C6D935E96F">>},
 {<<"docsh">>, <<"F893D5317A0E14269DD7FE79CF95FB6B9BA23513DA0480EC6E77C73221CAE4F2">>},
 {<<"elvis_core">>, <<"7845047A1CABD0F575EE8A95D2223F2F2040FBDA78C81EEE933090B857611BA0">>},
 {<<"ephemeral">>, <<"B3E57886ADD5D90C82FE3880F5954978222A122CB8BAA123667401BBAAEC51D6">>},
 {<<"erlfmt">>, <<"5DDECA120A6E8E0A0FAB7D0BB9C2339D841B1C9E51DD135EE583256DEF20DE25">>},
 {<<"getopt">>, <<"C73A9FA687B217F2FF79F68A3B637711BB1936E712B521D8CE466B29CBF7808A">>},
 {<<"jsx">>, <<"20A170ABD4335FC6DB24D5FAD1E5D677C55DADF83D1B20A8A33B5FE159892A39">>},
 {<<"katana_code">>, <<"9AC515E6B5AE4903CD7B6C9161ABFBA49B610B6F3E19E8F0542802A4316C2405">>},
 {<<"providers">>, <<"70B4197869514344A8A60E2B2A4EF41CA03DEF43CFB1712ECF076A0F3C62F083">>},
 {<<"quickrand">>, <<"D2BD76676A446E6A058D678444B7FDA1387B813710D1AF6D6E29BB92186C8820">>},
 {<<"rebar3_format">>, <<"2D64DA61E0B87FCA6C4512ADA6D9CBC2B27ADC9AE6844178561147E7121761BD">>},
 {<<"redbug">>, <<"A764690B012B67C404562F9C6E1BA47A73892EE17DF5C15F670B1A5BF9D2F25A">>},
 {<<"tdiff">>, <<"4E1B30321F1B3D600DF65CD60858EDE1235FE4E5EE042110AB5AD90CD6464AC5">>},
 {<<"uuid">>, <<"1FD9079C544D521063897887A1C5B3302DCA98F9BB06AADCDC6FB0663F256797">>},
 {<<"zipper">>, <<"3CCB4F14B97C06B2749B93D8B6C204A1ECB6FAFC6050CACC3B93B9870C05952A">>}]},
{pkg_hash_ext,[
 {<<"bucs">>, <<"FF6A5C72A500AD7AEC1EE3BA164AE3C450EADEE898B0D151E1FACA18AC8D0D62">>},
 {<<"docsh">>, <<"4E7DB461BB07540D2BC3D366B8513F0197712D0495BB85744F367D3815076134">>},
 {<<"elvis_core">>, <<"34D9218F0B8072511903BF6CCBF59EB1765DECFC73FCC6833BA5C8959DB7F383">>},
 {<<"ephemeral">>, <<"4B293D80F75F9C4575FF4B9C8E889A56802F40B018BF57E74F19644EFEE6C850">>},
 {<<"erlfmt">>, <<"3933A40CFBE790AD94E5B650B36881DE70456319263C1479B556E9AFDBD80C75">>},
 {<<"getopt">>, <<"53E1AB83B9CEB65C9672D3E7A35B8092E9BDC9B3EE80721471A161C10C59959C">>},
 {<<"jsx">>, <<"37BECA0435F5CA8A2F45F76A46211E76418FBEF80C36F0361C249FC75059DC6D">>},
 {<<"katana_code">>, <<"0680F33525B9A882E6F4D3022518B15C46F648BD7B0DBE86900980FE1C291404">>},
 {<<"providers">>, <<"E45745ADE9C476A9A469EA0840E418AB19360DC44F01A233304E118A44486BA0">>},
 {<<"quickrand">>, <<"B8ACBF89A224BC217C3070CA8BEBC6EB236DBE7F9767993B274084EA044D35F0">>},
 {<<"rebar3_format">>, <<"CA8FF27638C2169593D1449DACBE8895634193ED3334E906B54FC97F081F5213">>},
 {<<"redbug">>, <<"AAD9498671F4AB91EACA5099FE85A61618158A636E6286892C4F7CF4AF171D04">>},
 {<<"tdiff">>, <<"E0C2E168F99252A5889768D5C8F1E6510A184592D4CFA06B22778A18D33D7875">>},
 {<<"uuid">>, <<"AB57CACCD51F170011E5F444CE865F84B41605E483A9EFCC468C1AFAEC87553B">>},
 {<<"zipper">>, <<"6A1FD3E1F0CC1D1DF5642C9A0CE2178036411B0A5C9642851D1DA276BD737C2D">>}]}
].
