{"1.1.0",
[{<<"bucs">>,{pkg,<<"bucs">>,<<"1.0.16">>},1},
 {<<"docsh">>,{pkg,<<"docsh">>,<<"0.7.2">>},0},
 {<<"elvis_core">>,{pkg,<<"elvis_core">>,<<"1.1.1">>},0},
 {<<"ephemeral">>,{pkg,<<"ephemeral">>,<<"2.0.4">>},0},
 {<<"erlfmt">>,
  {git,"https://github.com/WhatsApp/erlfmt.git",
       {ref,"2e93fc4a646111357642b0179a2a63151868d890"}},
  0},
 {<<"getopt">>,{pkg,<<"getopt">>,<<"1.0.1">>},2},
 {<<"jsx">>,{pkg,<<"jsx">>,<<"3.0.0">>},0},
 {<<"katana_code">>,{pkg,<<"katana_code">>,<<"0.2.1">>},1},
 {<<"providers">>,{pkg,<<"providers">>,<<"1.8.1">>},1},
 {<<"quickrand">>,{pkg,<<"quickrand">>,<<"2.0.1">>},1},
 {<<"ranch">>,{pkg,<<"ranch">>,<<"2.0.0">>},0},
 {<<"rebar3_format">>,{pkg,<<"rebar3_format">>,<<"0.8.2">>},0},
 {<<"redbug">>,{pkg,<<"redbug">>,<<"2.0.6">>},0},
 {<<"tdiff">>,{pkg,<<"tdiff">>,<<"0.1.2">>},0},
 {<<"uuid">>,{pkg,<<"uuid_erl">>,<<"2.0.1">>},0},
 {<<"yamerl">>,{pkg,<<"yamerl">>,<<"0.8.1">>},0},
 {<<"zipper">>,{pkg,<<"zipper">>,<<"1.0.1">>},1}]}.
[
{pkg_hash,[
 {<<"bucs">>, <<"D69A4CD6D1238CD1ADC5C95673DBDE0F8459A5DBB7D746516434D8C6D935E96F">>},
 {<<"docsh">>, <<"F893D5317A0E14269DD7FE79CF95FB6B9BA23513DA0480EC6E77C73221CAE4F2">>},
 {<<"elvis_core">>, <<"EB7864CE4BC87D13FBF1C222A82230A4C3D327C21080B73E97FC6343C3A5264D">>},
 {<<"ephemeral">>, <<"B3E57886ADD5D90C82FE3880F5954978222A122CB8BAA123667401BBAAEC51D6">>},
 {<<"getopt">>, <<"C73A9FA687B217F2FF79F68A3B637711BB1936E712B521D8CE466B29CBF7808A">>},
 {<<"jsx">>, <<"20A170ABD4335FC6DB24D5FAD1E5D677C55DADF83D1B20A8A33B5FE159892A39">>},
 {<<"katana_code">>, <<"B2195859DF57D8BEBF619A9FD3327CD7D01563A98417156D0F4C5FAB435F2630">>},
 {<<"providers">>, <<"70B4197869514344A8A60E2B2A4EF41CA03DEF43CFB1712ECF076A0F3C62F083">>},
 {<<"quickrand">>, <<"6D861FA11E6EB51BB2343A2616EFF704C2681A9997F41ABC78E58FA76DA33981">>},
 {<<"ranch">>, <<"FBF3D79661C071543256F9051CAF19D65DAA6DF1CF6824D8F37A49B19A66F703">>},
 {<<"rebar3_format">>, <<"2D64DA61E0B87FCA6C4512ADA6D9CBC2B27ADC9AE6844178561147E7121761BD">>},
 {<<"redbug">>, <<"A764690B012B67C404562F9C6E1BA47A73892EE17DF5C15F670B1A5BF9D2F25A">>},
 {<<"tdiff">>, <<"4E1B30321F1B3D600DF65CD60858EDE1235FE4E5EE042110AB5AD90CD6464AC5">>},
 {<<"uuid">>, <<"1FD9079C544D521063897887A1C5B3302DCA98F9BB06AADCDC6FB0663F256797">>},
 {<<"yamerl">>, <<"07DA13FFA1D8E13948943789665C62CCD679DFA7B324A4A2ED3149DF17F453A4">>},
 {<<"zipper">>, <<"3CCB4F14B97C06B2749B93D8B6C204A1ECB6FAFC6050CACC3B93B9870C05952A">>}]}
].
