{"1.2.0",
[{<<"bucs">>,{pkg,<<"bucs">>,<<"1.0.16">>},1},
 {<<"cowlib">>,{pkg,<<"cowlib">>,<<"2.10.1">>},0},
 {<<"docsh">>,{pkg,<<"docsh">>,<<"0.7.2">>},0},
 {<<"elvis_core">>,
  {git,"https://github.com/inaka/elvis_core.git",
       {ref,"2ea45117343f03d6184f23238b4bbabdbf1bf595"}},
  0},
 {<<"ephemeral">>,{pkg,<<"ephemeral">>,<<"2.0.4">>},0},
 {<<"getopt">>,{pkg,<<"getopt">>,<<"1.0.1">>},2},
 {<<"jsx">>,{pkg,<<"jsx">>,<<"3.0.0">>},0},
 {<<"katana_code">>,{pkg,<<"katana_code">>,<<"0.2.1">>},1},
 {<<"providers">>,{pkg,<<"providers">>,<<"1.8.1">>},1},
 {<<"quickrand">>,{pkg,<<"quickrand">>,<<"2.0.1">>},1},
 {<<"ranch">>,{pkg,<<"ranch">>,<<"1.7.1">>},0},
 {<<"rebar3_format">>,{pkg,<<"rebar3_format">>,<<"0.8.2">>},0},
 {<<"redbug">>,{pkg,<<"redbug">>,<<"2.0.6">>},0},
 {<<"tdiff">>,{pkg,<<"tdiff">>,<<"0.1.2">>},0},
 {<<"uuid">>,{pkg,<<"uuid_erl">>,<<"2.0.1">>},0},
 {<<"yamerl">>,{pkg,<<"yamerl">>,<<"0.8.1">>},0},
 {<<"zipper">>,{pkg,<<"zipper">>,<<"1.0.1">>},1}]}.
[
{pkg_hash,[
 {<<"bucs">>, <<"D69A4CD6D1238CD1ADC5C95673DBDE0F8459A5DBB7D746516434D8C6D935E96F">>},
 {<<"cowlib">>, <<"5442EB6B4EB1EB7F34DF38145ECB59BA15932FA6465C1C10DC47C7EB91DEA8CD">>},
 {<<"docsh">>, <<"F893D5317A0E14269DD7FE79CF95FB6B9BA23513DA0480EC6E77C73221CAE4F2">>},
 {<<"ephemeral">>, <<"B3E57886ADD5D90C82FE3880F5954978222A122CB8BAA123667401BBAAEC51D6">>},
 {<<"getopt">>, <<"C73A9FA687B217F2FF79F68A3B637711BB1936E712B521D8CE466B29CBF7808A">>},
 {<<"jsx">>, <<"20A170ABD4335FC6DB24D5FAD1E5D677C55DADF83D1B20A8A33B5FE159892A39">>},
 {<<"katana_code">>, <<"B2195859DF57D8BEBF619A9FD3327CD7D01563A98417156D0F4C5FAB435F2630">>},
 {<<"providers">>, <<"70B4197869514344A8A60E2B2A4EF41CA03DEF43CFB1712ECF076A0F3C62F083">>},
 {<<"quickrand">>, <<"6D861FA11E6EB51BB2343A2616EFF704C2681A9997F41ABC78E58FA76DA33981">>},
 {<<"ranch">>, <<"6B1FAB51B49196860B733A49C07604465A47BDB78AA10C1C16A3D199F7F8C881">>},
 {<<"rebar3_format">>, <<"2D64DA61E0B87FCA6C4512ADA6D9CBC2B27ADC9AE6844178561147E7121761BD">>},
 {<<"redbug">>, <<"A764690B012B67C404562F9C6E1BA47A73892EE17DF5C15F670B1A5BF9D2F25A">>},
 {<<"tdiff">>, <<"4E1B30321F1B3D600DF65CD60858EDE1235FE4E5EE042110AB5AD90CD6464AC5">>},
 {<<"uuid">>, <<"1FD9079C544D521063897887A1C5B3302DCA98F9BB06AADCDC6FB0663F256797">>},
 {<<"yamerl">>, <<"07DA13FFA1D8E13948943789665C62CCD679DFA7B324A4A2ED3149DF17F453A4">>},
 {<<"zipper">>, <<"3CCB4F14B97C06B2749B93D8B6C204A1ECB6FAFC6050CACC3B93B9870C05952A">>}]},
{pkg_hash_ext,[
 {<<"bucs">>, <<"FF6A5C72A500AD7AEC1EE3BA164AE3C450EADEE898B0D151E1FACA18AC8D0D62">>},
 {<<"cowlib">>, <<"9B4271E10228E6877199F1D698EAA3B32E69AE82CC68E1443C5CA8E774089A44">>},
 {<<"docsh">>, <<"4E7DB461BB07540D2BC3D366B8513F0197712D0495BB85744F367D3815076134">>},
 {<<"ephemeral">>, <<"4B293D80F75F9C4575FF4B9C8E889A56802F40B018BF57E74F19644EFEE6C850">>},
 {<<"getopt">>, <<"53E1AB83B9CEB65C9672D3E7A35B8092E9BDC9B3EE80721471A161C10C59959C">>},
 {<<"jsx">>, <<"37BECA0435F5CA8A2F45F76A46211E76418FBEF80C36F0361C249FC75059DC6D">>},
 {<<"katana_code">>, <<"8448AD3F56D9814F98A28BE650F7191BDD506575E345CC16D586660B10F6E992">>},
 {<<"providers">>, <<"E45745ADE9C476A9A469EA0840E418AB19360DC44F01A233304E118A44486BA0">>},
 {<<"quickrand">>, <<"14DB67D4AEF6B8815810EC9F3CCEF5E324B73B56CAE3687F99D752B85BDD4C96">>},
 {<<"ranch">>, <<"451D8527787DF716D99DC36162FCA05934915DB0B6141BBDAC2EA8D3C7AFC7D7">>},
 {<<"rebar3_format">>, <<"CA8FF27638C2169593D1449DACBE8895634193ED3334E906B54FC97F081F5213">>},
 {<<"redbug">>, <<"AAD9498671F4AB91EACA5099FE85A61618158A636E6286892C4F7CF4AF171D04">>},
 {<<"tdiff">>, <<"E0C2E168F99252A5889768D5C8F1E6510A184592D4CFA06B22778A18D33D7875">>},
 {<<"uuid">>, <<"AB57CACCD51F170011E5F444CE865F84B41605E483A9EFCC468C1AFAEC87553B">>},
 {<<"yamerl">>, <<"96CB30F9D64344FED0EF8A92E9F16F207DE6C04DFFF4F366752CA79F5BCEB23F">>},
 {<<"zipper">>, <<"6A1FD3E1F0CC1D1DF5642C9A0CE2178036411B0A5C9642851D1DA276BD737C2D">>}]}
].
